hash: 742cc9a25bdefa6c3f21ee803892a23f4df8679664b4ccad517487477eddf3bd
updated: 2018-08-15T10:34:34.917697+08:00
imports:
- name: cloud.google.com/go
  version: af877f7607c7f59942abb4ded1fa14bce50b3fc8
  subpackages:
  - civil
  - compute/metadata
  - iam
  - internal
  - internal/atomiccache
  - internal/fields
  - internal/optional
  - internal/protostruct
  - internal/trace
  - internal/version
  - spanner
  - storage
- name: contrib.go.opencensus.io/exporter/stackdriver
  version: 2b93072101d466aa4120b3c23c2e1b08af01541c
  subpackages:
  - propagation
- name: github.com/armon/go-metrics
  version: 3c58d8115a78a6879e5df75ae900846768d36895
  subpackages:
  - circonus
  - datadog
  - prometheus
- name: github.com/armon/go-proxyproto
  version: 5b7edb60ff5f69b60d1950397f7bde6171f1807d
- name: github.com/armon/go-radix
  version: 7fddfc383310abc091d79a27f116d30cf0424032
- name: github.com/asaskevich/govalidator
  version: f9ffefc3facfbe0caee3fea233cbb6e8208f4541
- name: github.com/aws/aws-sdk-go
  version: f2f84374bfa1ee8b5f384b86dce00b7e8c8e03ee
  subpackages:
  - aws
  - aws/awserr
  - aws/awsutil
  - aws/client
  - aws/client/metadata
  - aws/corehandlers
  - aws/credentials
  - aws/credentials/ec2rolecreds
  - aws/credentials/endpointcreds
  - aws/credentials/stscreds
  - aws/csm
  - aws/defaults
  - aws/ec2metadata
  - aws/endpoints
  - aws/request
  - aws/session
  - aws/signer/v4
  - internal/sdkio
  - internal/sdkrand
  - internal/sdkuri
  - internal/shareddefaults
  - private/protocol
  - private/protocol/ec2query
  - private/protocol/eventstream
  - private/protocol/eventstream/eventstreamapi
  - private/protocol/json/jsonutil
  - private/protocol/jsonrpc
  - private/protocol/query
  - private/protocol/query/queryutil
  - private/protocol/rest
  - private/protocol/restxml
  - private/protocol/xml/xmlutil
  - service/dynamodb
  - service/dynamodb/dynamodbattribute
  - service/ec2
  - service/iam
  - service/s3
  - service/sts
- name: github.com/Azure/azure-sdk-for-go
  version: 4e8cbbfb1aeab140cd0fa97fd16b64ee18c3ca6a
  subpackages:
  - services/compute/mgmt/2017-12-01/compute
  - storage
  - version
- name: github.com/Azure/go-autorest
  version: 39013ecb48eaf6ced3f4e3e1d95515140ce6b3cf
  subpackages:
  - autorest
  - autorest/adal
  - autorest/azure
  - autorest/azure/auth
  - autorest/date
  - autorest/to
  - autorest/validation
  - logger
  - version
- name: github.com/beorn7/perks
  version: 3a771d992973f24aa725d07868b467d1ddfceafb
  subpackages:
  - quantile
- name: github.com/bgentry/speakeasy
  version: 4aabc24848ce5fd31929f7d1e4ea74d3709c14cd
- name: github.com/boombuler/barcode
  version: 34fff276c74eba9c3506f0c6f4064dbaa67d8da3
  subpackages:
  - qr
  - utils
- name: github.com/briankassouf/jose
  version: d2569464773f2b9de32e57a79d87318bca5b56c0
  subpackages:
  - crypto
  - jws
  - jwt
- name: github.com/centrify/cloud-golang-sdk
  version: 7c97cc6fde16c41f82cace5cbba3e5f098065b9c
  subpackages:
  - oauth
  - restapi
- name: github.com/chrismalek/oktasdk-go
  version: d136bc2a9a1d1df22012bee58bebcaa585039012
  subpackages:
  - okta
- name: github.com/circonus-labs/circonus-gometrics
  version: a9014dc2d41c55e77ca42a9c698290a677e6edeb
  subpackages:
  - api
  - api/config
  - checkmgr
- name: github.com/circonus-labs/circonusllhist
  version: 5eb751da55c6d3091faf3861ec5062ae91fee9d0
- name: github.com/cockroachdb/cockroach-go
  version: 59c0560478b705bf9bd12f9252224a0fad7c87df
  subpackages:
  - crdb
- name: github.com/coreos/etcd
  version: 3c89938adf2988a2a2f6bb031cb075ae38ae1d0e
  subpackages:
  - auth/authpb
  - client
  - clientv3
  - clientv3/balancer
  - clientv3/balancer/picker
  - clientv3/balancer/resolver/endpoint
  - clientv3/concurrency
  - etcdserver/api/v3rpc/rpctypes
  - etcdserver/etcdserverpb
  - mvcc/mvccpb
  - pkg/logutil
  - pkg/pathutil
  - pkg/srv
  - pkg/systemd
  - pkg/tlsutil
  - pkg/transport
  - pkg/types
  - raft
  - raft/raftpb
  - version
- name: github.com/coreos/go-oidc
  version: 8ae1da518bd4d9d5a5909090a184af30f336436d
- name: github.com/coreos/go-semver
  version: e214231b295a8ea9479f11b70b35d5acf3556d9b
  subpackages:
  - semver
- name: github.com/coreos/go-systemd
  version: 88bfeed483d372fa1298dd859662e4b9a13d68cb
  subpackages:
  - journal
- name: github.com/coreos/pkg
  version: 97fdf19511ea361ae1c100dd393cc47f8dcfa1e1
  subpackages:
  - capnslog
- name: github.com/DataDog/datadog-go
  version: ef3a9daf849df2d7ee3bbf13808dfb481069a773
  subpackages:
  - statsd
- name: github.com/denisenkom/go-mssqldb
  version: 242fa5aa1b45aeb9fcdfeee88822982e3f548e22
  subpackages:
  - internal/cp
- name: github.com/dgrijalva/jwt-go
  version: 0b96aaa707760d6ab28d9b9d1913ff5993328bae
- name: github.com/dimchansky/utfbom
  version: 5448fe645cb1964ba70ac8f9f2ffe975e61a536c
- name: github.com/duosecurity/duo_api_golang
  version: d0530c80e49a86b1c3f5525daa5a324bfb795ef3
  subpackages:
  - authapi
- name: github.com/elazarl/go-bindata-assetfs
  version: 38087fe4dafb822e541b3f7955075cc1c30bd294
- name: github.com/fatih/color
  version: 2d684516a8861da43017284349b7e303e809ac21
- name: github.com/fatih/structs
  version: ebf56d35bba727c68ac77f56f2fcf90b181851aa
- name: github.com/fullsailor/pkcs7
  version: 8306686428a5fe132eac8cb7c4848af725098bd4
- name: github.com/ghodss/yaml
  version: e9ed3c6dfb39bb1a32197cb10d527906fe4da4b6
- name: github.com/go-errors/errors
  version: d98b870cc4e05f1545532a80e9909be8216095b6
- name: github.com/go-ini/ini
  version: d58d458bec3cb5adec4b7ddb41131855eac0b33f
- name: github.com/go-ldap/ldap
  version: dc997b2033d4b4ab6de47b555eaf76888a81d33d
- name: github.com/go-sql-driver/mysql
  version: 99ff426eb706cffe92ff3d058e168b278cabf7c7
- name: github.com/gocql/gocql
  version: 045d8d6abc70b5bd02bb18b8fdb05ee54d8c87aa
  subpackages:
  - internal/lru
  - internal/murmur
  - internal/streams
- name: github.com/gogo/protobuf
  version: c0656edd0d9eab7c66d1eb0c568f9039345796f7
  subpackages:
  - gogoproto
  - proto
  - protoc-gen-gogo/descriptor
  - sortkeys
- name: github.com/golang/glog
  version: 44145f04b68cf362d9c4df2182967c2275eaefed
- name: github.com/golang/protobuf
  version: b4deda0973fb4c70b50d226b1af49f3da59f5265
  subpackages:
  - proto
  - protoc-gen-go/descriptor
  - ptypes
  - ptypes/any
  - ptypes/duration
  - ptypes/empty
  - ptypes/struct
  - ptypes/timestamp
- name: github.com/golang/snappy
  version: 2e65f85255dbc3072edf28d6b5b8efc472979f5a
- name: github.com/google/go-github
  version: d8bee7566740e39c1c0e2c3990e1e5f348458852
  subpackages:
  - github
- name: github.com/google/go-querystring
  version: 53e6ce116135b80d037921a7fdd5138cf32d7a8a
  subpackages:
  - query
- name: github.com/google/gofuzz
  version: 44d81051d367757e1c7c6a5a86423ece9afcf63c
- name: github.com/googleapis/gax-go
  version: 1ef592c90f479e3ab30c6c2312e20e13881b7ea6
- name: github.com/gorhill/cronexpr
  version: 88b0669f7d75f171bd612b874e52b95c190218df
- name: github.com/grpc-ecosystem/go-grpc-middleware
  version: e9c5d9645c437ab1b204cff969a2c0fb16cd4276
  subpackages:
  - util/backoffutils
- name: github.com/hailocab/go-hostpool
  version: e80d13ce29ede4452c43dea11e79b9bc8a15b478
- name: github.com/hashicorp/consul
  version: 14f19f75a6040f666bb3c3a951d04ae1a08315c1
  subpackages:
  - api
  - lib
  - version
- name: github.com/hashicorp/errwrap
  version: d6c0cd88035724dd42e0f335ae30161c20575ecc
- name: github.com/hashicorp/go-cleanhttp
  version: d5fe4b57a186c716b0e00b8c301cbd9b4182694d
- name: github.com/hashicorp/go-gcp-common
  version: 763e39302965f115fba738b409b320563267b8df
  subpackages:
  - gcputil
- name: github.com/hashicorp/go-hclog
  version: ff2cf002a8dd750586d91dddd4470c341f981fe1
- name: github.com/hashicorp/go-immutable-radix
  version: 7f3cd4390caab3250a57f30efdb2a65dd7649ecf
- name: github.com/hashicorp/go-memdb
  version: 1289e7fffe71d8fd4d4d491ba9a412c50f244c44
- name: github.com/hashicorp/go-msgpack
  version: fa3f63826f7c23912c15263591e65d54d080b458
  subpackages:
  - codec
- name: github.com/hashicorp/go-multierror
  version: 3d5d8f294aa03d8e98859feac328afbdf1ae0703
- name: github.com/hashicorp/go-plugin
  version: a4620f9913d19f03a6bf19b2f304daaaf83ea130
- name: github.com/hashicorp/go-retryablehttp
  version: e651d75abec6fbd4f2c09508f72ae7af8a8b7171
- name: github.com/hashicorp/go-rootcerts
  version: 6bb64b370b90e7ef1fa532be9e591a81c3493e00
- name: github.com/hashicorp/go-sockaddr
  version: 6d291a969b86c4b633730bfc6b8b9d64c3aafed9
- name: github.com/hashicorp/go-syslog
  version: 326bf4a7f709d263f964a6a96558676b103f3534
- name: github.com/hashicorp/go-uuid
  version: 27454136f0364f2d44b1276c552d69105cf8c498
- name: github.com/hashicorp/go-version
  version: 270f2f71b1ee587f3b609f00f422b76a6b28f348
- name: github.com/hashicorp/golang-lru
  version: a0d98a5f288019575c6d1f4bb1573fef2d1fcdc4
  subpackages:
  - simplelru
- name: github.com/hashicorp/hcl
  version: ef8a98b0bbce4a65b5aa4c368430a80ddc533168
  subpackages:
  - hcl/ast
  - hcl/parser
  - hcl/printer
  - hcl/scanner
  - hcl/strconv
  - hcl/token
  - json/parser
  - json/scanner
  - json/token
- name: github.com/hashicorp/memberlist
  version: b195c8e4fcc6284fff1583fd6ab09e68ca207551
- name: github.com/hashicorp/nomad
  version: e3406076689623737ba980e4d99945a287e82479
  subpackages:
  - acl
  - api
  - api/contexts
  - helper
  - helper/args
  - helper/flatmap
  - helper/uuid
  - nomad/structs
- name: github.com/hashicorp/raft
  version: a3fb4581fb07b16ecf1c3361580d4bdb17de9d98
- name: github.com/hashicorp/serf
  version: 19bbd39e421bdf3559d5025fb2c760f5ffa56233
  subpackages:
  - coordinate
  - serf
- name: github.com/hashicorp/vault
  version: e21712a687889de1125e0a12a980420b1a4f72d3
  subpackages:
  - api
  - audit
  - builtin/audit/file
  - builtin/audit/socket
  - builtin/audit/syslog
  - builtin/credential/app-id
  - builtin/credential/approle
  - builtin/credential/aws
  - builtin/credential/cert
  - builtin/credential/github
  - builtin/credential/ldap
  - builtin/credential/okta
  - builtin/credential/radius
  - builtin/credential/token
  - builtin/credential/userpass
  - builtin/logical/aws
  - builtin/logical/cassandra
  - builtin/logical/consul
  - builtin/logical/database
  - builtin/logical/database/dbplugin
  - builtin/logical/mongodb
  - builtin/logical/mssql
  - builtin/logical/mysql
  - builtin/logical/nomad
  - builtin/logical/pki
  - builtin/logical/postgresql
  - builtin/logical/rabbitmq
  - builtin/logical/ssh
  - builtin/logical/totp
  - builtin/logical/transit
  - builtin/plugin
  - command
  - command/agent/auth
  - command/agent/auth/aws
  - command/agent/auth/azure
  - command/agent/auth/gcp
  - command/agent/auth/jwt
  - command/agent/auth/kubernetes
  - command/agent/config
  - command/agent/sink
  - command/agent/sink/file
  - command/config
  - command/server
  - command/token
  - helper/awsutil
  - helper/builtinplugins
  - helper/certutil
  - helper/cidrutil
  - helper/compressutil
  - helper/consts
  - helper/dbtxn
  - helper/dhutil
  - helper/errutil
  - helper/forwarding
  - helper/gated-writer
  - helper/hclutil
  - helper/identity
  - helper/jsonutil
  - helper/kdf
  - helper/keysutil
  - helper/kv-builder
  - helper/ldaputil
  - helper/locksutil
  - helper/logging
  - helper/mfa
  - helper/mfa/duo
  - helper/mlock
  - helper/parseutil
  - helper/password
  - helper/pathmanager
  - helper/pgpkeys
  - helper/pluginutil
  - helper/policyutil
  - helper/proxyutil
  - helper/reload
  - helper/salt
  - helper/storagepacker
  - helper/strutil
  - helper/tlsutil
  - helper/useragent
  - helper/wrapping
  - helper/xor
  - http
  - logical
  - logical/framework
  - logical/plugin
  - logical/plugin/pb
  - physical
  - physical/azure
  - physical/cassandra
  - physical/cockroachdb
  - physical/consul
  - physical/couchdb
  - physical/dynamodb
  - physical/etcd
  - physical/file
  - physical/foundationdb
  - physical/gcs
  - physical/inmem
  - physical/manta
  - physical/mssql
  - physical/mysql
  - physical/postgresql
  - physical/s3
  - physical/spanner
  - physical/swift
  - physical/zookeeper
  - plugins
  - plugins/database/cassandra
  - plugins/database/hana
  - plugins/database/mongodb
  - plugins/database/mssql
  - plugins/database/mysql
  - plugins/database/postgresql
  - plugins/helper/database/connutil
  - plugins/helper/database/credsutil
  - plugins/helper/database/dbutil
  - shamir
  - vault
  - version
- name: github.com/hashicorp/vault-plugin-auth-azure
  version: 2a679470bdb9aa58ab4d671ec1589a0538190861
- name: github.com/hashicorp/vault-plugin-auth-centrify
  version: 938178a6cf7984923db84aba4881913f84de9eea
- name: github.com/hashicorp/vault-plugin-auth-gcp
  version: 121d8884e772768c1bcd5e9a7417d92a0d613085
  subpackages:
  - plugin
- name: github.com/hashicorp/vault-plugin-auth-jwt
  version: 31980151e62706c98c1f3a27d7d1e733ad766019
- name: github.com/hashicorp/vault-plugin-auth-kubernetes
  version: 71e1b5a5d5a7e5e8a9c6a385ca7994baf6e6fc48
- name: github.com/hashicorp/vault-plugin-secrets-ad
  version: bef8c4ed4d9125ee372abd4d5d43408523ae7a35
  subpackages:
  - plugin
  - plugin/client
  - plugin/util
- name: github.com/hashicorp/vault-plugin-secrets-gcp
  version: 6f7f3af4f98f5296480e41dfd6a06bdf7bf282d8
  subpackages:
  - plugin
  - plugin/iamutil
  - plugin/util
- name: github.com/hashicorp/vault-plugin-secrets-kv
  version: f34be853827f3b0511169188ff1db08adacfd3ac
- name: github.com/hashicorp/yamux
  version: 3520598351bb3500a49ae9563f5539666ae0a27c
- name: github.com/Jeffail/gabs
  version: 7a0fed31069aba77993a518cc2f37b28ee7aa883
- name: github.com/jefferai/jsonx
  version: 9cc31c3135eef39b8e72585f37efa92b6ca314d0
- name: github.com/jmespath/go-jmespath
  version: c2b33e8439af944379acbdd9c3a5fe0bc44bd8a5
- name: github.com/joyent/triton-go
  version: 830d2b111e62b15793a2f2db637c073055ab62bb
  subpackages:
  - authentication
  - client
  - errors
  - storage
- name: github.com/keybase/go-crypto
  version: c84d7cbef16bcd1cd873e1d5793b18865f443ba0
  subpackages:
  - brainpool
  - cast5
  - curve25519
  - ed25519
  - ed25519/internal/edwards25519
  - openpgp
  - openpgp/armor
  - openpgp/ecdh
  - openpgp/elgamal
  - openpgp/errors
  - openpgp/packet
  - openpgp/s2k
- name: github.com/kr/pretty
  version: 73f6ac0b30a98e433b289500d779f50c1a6f0712
- name: github.com/kr/text
  version: e2ffdb16a802fe2bb95e2e35ff34f0e53aeef34f
- name: github.com/lib/pq
  version: 90697d60dd844d5ef6ff15135d0203f65d2f53b8
  subpackages:
  - oid
- name: github.com/marstr/guid
  version: 8bdf7d1a087ccc975cf37dd6507da50698fd19ca
- name: github.com/mattn/go-colorable
  version: efa589957cd060542a26d2dd7832fd6a6c6c3ade
- name: github.com/mattn/go-isatty
  version: 6ca4dbf54d38eea1a992b3c722a76a5d1c4cb25c
- name: github.com/matttproud/golang_protobuf_extensions
  version: c12348ce28de40eed0136aa2b644d0ee0650e56c
  subpackages:
  - pbutil
- name: github.com/michaelklishin/rabbit-hole
  version: 54e00efceb23bbd3850623abc83c8ecb10597773
- name: github.com/miekg/dns
  version: 208cd1e89ec4a671e7ae6891f8c94cfe75399570
- name: github.com/mitchellh/cli
  version: c48282d14eba4b0817ddef3f832ff8d13851aefd
- name: github.com/mitchellh/copystructure
  version: d23ffcb85de31694d6ccaa23ccb4a03e55c1303f
- name: github.com/mitchellh/go-homedir
  version: 58046073cbffe2f25d425fe1331102f55cf719de
- name: github.com/mitchellh/go-testing-interface
  version: a61a99592b77c9ba629d254a693acffaeb4b7e28
- name: github.com/mitchellh/hashstructure
  version: 2bca23e0e452137f789efbc8610126fd8b94f73b
- name: github.com/mitchellh/mapstructure
  version: f15292f7a699fcc1a38a80977f80a046874ba8ac
- name: github.com/mitchellh/reflectwalk
  version: 63d60e9d0dbc60cf9164e6510889b0db6683d98c
- name: github.com/ncw/swift
  version: bd8b704d15b2f5357186ac39c863bd74eb837291
- name: github.com/NYTimes/gziphandler
  version: 448416739b9c5cda4a4ed4cc2e9d770fe830a1c6
- name: github.com/oklog/run
  version: 6934b124db28979da51d3470dadfa34d73d72652
- name: github.com/patrickmn/go-cache
  version: 9f6ff22cfff829561052f5886ec80a2ac148b4eb
- name: github.com/pkg/errors
  version: 816c9085562cd7ee03e7f8188a1cfd942858cded
- name: github.com/posener/complete
  version: e037c22b2fcfa85e74495388f03892ed194bba76
  subpackages:
  - cmd
  - cmd/install
  - match
- name: github.com/pquerna/cachecontrol
  version: 1555304b9b35fdd2b425bccf1a5613677705e7d0
  subpackages:
  - cacheobject
- name: github.com/pquerna/otp
  version: be78767b3e392ce45ea73444451022a6fc32ad0d
  subpackages:
  - hotp
  - totp
- name: github.com/prometheus/client_golang
  version: 5b23715facdef1452016bae512489c3cdf82458c
  subpackages:
  - prometheus
- name: github.com/prometheus/client_model
  version: 5c3871d89910bfb32f5fcab2aa4b9ec68e65a99f
  subpackages:
  - go
- name: github.com/prometheus/common
  version: c7de2306084e37d54b8be01f3541a8464345e9a5
  subpackages:
  - expfmt
  - internal/bitbucket.org/ww/goautoneg
  - model
- name: github.com/prometheus/procfs
  version: 05ee40e3a273f7245e8777337fc7b46e533a9a92
  subpackages:
  - internal/util
  - nfs
  - xfs
- name: github.com/robfig/cron
  version: b41be1df696709bb6395fe435af20370037c0b4c
- name: github.com/ryanuber/columnize
  version: abc90934186a77966e2beeac62ed966aac0561d5
- name: github.com/ryanuber/go-glob
  version: 256dc444b735e061061cf46c809487313d5b0065
- name: github.com/samuel/go-zookeeper
  version: c4fab1ac1bec58281ad0667dc3f0907a9476ac47
  subpackages:
  - zk
- name: github.com/SAP/go-hdb
  version: 94b6d9c3c048c0af854a6be7138c947db29a9d20
  subpackages:
  - driver
  - driver/sqltrace
  - internal/bufio
  - internal/protocol
  - internal/unicode
  - internal/unicode/cesu8
- name: github.com/satori/go.uuid
  version: 36e9d2ebbde5e3f13ab2e25625fd453271d6522e
- name: github.com/sean-/seed
  version: e2103e2c35297fb7e17febb81e49b312087a2372
- name: github.com/SermoDigital/jose
  version: 803625baeddc3526d01d321b5066029f53eafc81
  subpackages:
  - crypto
  - jws
  - jwt
- name: github.com/sirupsen/logrus
  version: e4b0c6d7829bcf64435536c4a88f4088a3c76203
- name: github.com/tv42/httpunix
  version: b75d8614f926c077e48d85f1f8f7885b758c6225
- name: github.com/ugorji/go
  version: 00b869d2f4a5e27445c2d916fa106fc72c106d4c
  subpackages:
  - codec
- name: github.com/urfave/cli
  version: 8e01ec4cd3e2d84ab2fe90d8210528ffbb06d8ff
- name: go.opencensus.io
  version: 457d67e3f41e6e1861cf86f5bd9390e46272ecb0
  subpackages:
  - internal
  - internal/tagencoding
  - plugin/ocgrpc
  - plugin/ochttp
  - plugin/ochttp/propagation/b3
  - stats
  - stats/internal
  - stats/view
  - tag
  - trace
  - trace/internal
  - trace/propagation
- name: go.uber.org/atomic
  version: 1ea20fb1cbb1cc08cbd0d913a96dead89aa18289
- name: go.uber.org/multierr
  version: 3c4937480c32f4c13a875a1829af76c98ca3d40a
- name: go.uber.org/zap
  version: 67bc79d13d155c02fd008f721863ff8cc5f30659
  subpackages:
  - buffer
  - internal/bufferpool
  - internal/color
  - internal/exit
  - zapcore
- name: golang.org/x/crypto
  version: de0752318171da717af4ce24d0a2e8626afaeb11
  subpackages:
  - bcrypt
  - blake2b
  - blowfish
  - chacha20poly1305
  - cryptobyte
  - cryptobyte/asn1
  - curve25519
  - ed25519
  - ed25519/internal/edwards25519
  - hkdf
  - internal/chacha20
  - internal/subtle
  - md4
  - pbkdf2
  - pkcs12
  - pkcs12/internal/rc2
  - poly1305
  - ssh
  - ssh/agent
  - ssh/terminal
- name: golang.org/x/net
  version: 1c05540f6879653db88113bc4a2b70aec4bd491f
  subpackages:
  - bpf
  - context
  - context/ctxhttp
  - http2
  - http2/hpack
  - idna
  - internal/iana
  - internal/socket
  - internal/timeseries
  - ipv4
  - ipv6
  - lex/httplex
  - trace
- name: golang.org/x/oauth2
  version: 3d292e4d0cdc3a0113e6d207bb137145ef1de42f
  subpackages:
  - google
  - internal
  - jws
  - jwt
- name: golang.org/x/sys
  version: 4e1fef5609515ec7a2cee7b5de30ba6d9b438cbf
  subpackages:
  - cpu
  - unix
- name: golang.org/x/text
  version: b19bf474d317b857955b12035d2c5acb57ce8b01
  subpackages:
  - encoding
  - encoding/internal
  - encoding/internal/identifier
  - encoding/unicode
  - internal/utf8internal
  - runes
  - secure/bidirule
  - transform
  - unicode/bidi
  - unicode/norm
- name: golang.org/x/time
  version: fbb02b2291d28baffd63558aa44b4b56f178d650
  subpackages:
  - rate
- name: google.golang.org/api
  version: 0e8d13b5c025da6a7cf249bb854e5869921dd459
  subpackages:
  - compute/v1
  - gensupport
  - googleapi
  - googleapi/internal/uritemplates
  - googleapi/transport
  - iam/v1
  - internal
  - iterator
  - oauth2/v2
  - option
  - storage/v1
  - transport/grpc
  - transport/http
- name: google.golang.org/genproto
  version: 383e8b2c3b9e36c4076b235b32537292176bae20
  subpackages:
  - googleapis/api/annotations
  - googleapis/iam/v1
  - googleapis/rpc/code
  - googleapis/rpc/errdetails
  - googleapis/rpc/status
  - googleapis/spanner/v1
- name: google.golang.org/grpc
  version: 07ef407d991f1004e6c3367c8f452ed9a02f17ff
  subpackages:
  - balancer
  - balancer/base
  - balancer/roundrobin
  - codes
  - connectivity
  - credentials
  - credentials/oauth
  - encoding
  - encoding/proto
  - grpclog
  - health
  - health/grpc_health_v1
  - internal
  - internal/backoff
  - internal/channelz
  - internal/envconfig
  - internal/grpcrand
  - internal/transport
  - keepalive
  - metadata
  - naming
  - peer
  - resolver
  - resolver/dns
  - resolver/passthrough
  - stats
  - status
  - tap
- name: gopkg.in/asn1-ber.v1
  version: 379148ca0225df7a432012b8df0355c2a2063ac0
- name: gopkg.in/inf.v0
  version: 3887ee99ecf07df5b447e9b00d9c0b2adaa9f3e4
- name: gopkg.in/mgo.v2
  version: 9856a29383ce1c59f308dd1cf0363a79b5bef6b5
  subpackages:
  - bson
  - internal/json
  - internal/scram
- name: gopkg.in/square/go-jose.v2
  version: 8254d6c783765f38c8675fae4427a1fe73fbd09d
  subpackages:
  - cipher
  - json
  - jwt
- name: gopkg.in/yaml.v2
  version: 5420a8b6744d3b0345ab293f6fcba19c978f1183
- name: k8s.io/api
  version: 91bfdbcf0c2cab32ec1236cee4c300793abea68a
  subpackages:
  - authentication/v1
- name: k8s.io/apimachinery
  version: a7b7e4de06b2ae7e2f98c92bb5cc63b1e5b7839e
  subpackages:
  - pkg/api/errors
  - pkg/api/resource
  - pkg/apis/meta/v1
  - pkg/conversion
  - pkg/conversion/queryparams
  - pkg/fields
  - pkg/labels
  - pkg/runtime
  - pkg/runtime/schema
  - pkg/selection
  - pkg/types
  - pkg/util/errors
  - pkg/util/intstr
  - pkg/util/json
  - pkg/util/naming
  - pkg/util/net
  - pkg/util/runtime
  - pkg/util/sets
  - pkg/util/validation
  - pkg/util/validation/field
  - pkg/util/wait
  - pkg/watch
  - third_party/forked/golang/reflect
- name: layeh.com/radius
  version: 639444c7e76fc723e16102be38be27c938a75d85
  subpackages:
  - rfc2865
testImports: []
